{
  "name": "codedorian.com",
  "lockfileVersion": 3,
  "requires": true,
  "packages": {
    "": {
      "license": "MIT",
      "dependencies": {
        "intl-tel-input": "*",
        "tailwindcss": "*"
      },
      "engines": {
        "node": "24.4.1",
        "npm": "11.4.2"
      }
    },
    "node_modules/intl-tel-input": {
      "version": "25.10.5",
      "resolved": "https://registry.npmjs.org/intl-tel-input/-/intl-tel-input-25.10.5.tgz",
      "integrity": "sha512-1AmtYTg9ymBprpRNMZEJdLRrF3lKJ6/5+Z/X64P3kA98suifWFdne6HVGhZ7kkWw5egXcWOTXpJSlta/YjvmeQ==",
      "license": "MIT"
    },
    "node_modules/tailwindcss": {
      "version": "4.1.13",
      "resolved": "https://registry.npmjs.org/tailwindcss/-/tailwindcss-4.1.13.tgz",
      "integrity": "sha512-i+zidfmTqtwquj4hMEwdjshYYgMbOrPzb9a0M3ZgNa0JMoZeFC6bxZvO8yr8ozS6ix2SDz0+mvryPeBs2TFE+w==",
      "license": "MIT"
    }
  }
}