{
  "name": "codedorian.com",
  "lockfileVersion": 3,
  "requires": true,
  "packages": {
    "": {
      "license": "MIT",
      "dependencies": {
        "intl-tel-input": "*",
        "tailwindcss": "*"
      },
      "engines": {
        "node": "24.4.1",
        "npm": "11.4.2"
      }
    },
    "node_modules/intl-tel-input": {
      "version": "25.3.2",
      "resolved": "https://registry.npmjs.org/intl-tel-input/-/intl-tel-input-25.3.2.tgz",
      "integrity": "sha512-hyzp/7yxCsnSxat8u2QwC0lLJzge9n02zggY1clOwrN8dPZoSElnqrwcXL2S7DnMFlO0ZycgH6fAb3s+pPOdGA==",
      "license": "MIT"
    },
    "node_modules/tailwindcss": {
      "version": "4.1.11",
      "resolved": "https://registry.npmjs.org/tailwindcss/-/tailwindcss-4.1.11.tgz",
      "integrity": "sha512-2E9TBm6MDD/xKYe+dvJZAmg3yxIEDNRc0jwlNyDg/4Fil2QcSLjFKGVff0lAf1jjeaArlG/M75Ey/EYr/OJtBA==",
      "license": "MIT"
    }
  }
}