{
  "name": "codedorian.com",
  "lockfileVersion": 3,
  "requires": true,
  "packages": {
    "": {
      "license": "MIT",
      "dependencies": {
        "intl-tel-input": "*",
        "tailwindcss": "*"
      },
      "engines": {
        "node": "24.4.1",
        "npm": "11.4.2"
      }
    },
    "node_modules/intl-tel-input": {
      "version": "25.12.1",
      "resolved": "https://registry.npmjs.org/intl-tel-input/-/intl-tel-input-25.12.1.tgz",
      "integrity": "sha512-h601pJO3eRomhVC63vRRWL4Zs2xKbs3el4zTHiDXnpji9YqkRWPcTt43oCkK4XiJZMi9Aayw8p6hN/yMBJVhyw==",
      "license": "MIT"
    },
    "node_modules/tailwindcss": {
      "version": "4.1.15",
      "resolved": "https://registry.npmjs.org/tailwindcss/-/tailwindcss-4.1.15.tgz",
      "integrity": "sha512-k2WLnWkYFkdpRv+Oby3EBXIyQC8/s1HOFMBUViwtAh6Z5uAozeUSMQlIsn/c6Q2iJzqG6aJT3wdPaRNj70iYxQ==",
      "license": "MIT"
    }
  }
}